
Microsoft Visual Studio Solution File, Format Version 12.00
# Visual Studio Version 17
VisualStudioVersion = 17.5.002.0
MinimumVisualStudioVersion = 10.0.40219.1
Project("{9A19103F-16F7-4668-BE54-9A1E7A4F7556}") = "Lơp_StopWatch", "Lơp_StopWatch.csproj", "{F0E6D2B8-E48F-4F10-810C-AC5700886841}"
EndProject
Global
	GlobalSection(SolutionConfigurationPlatforms) = preSolution
		Debug|Any CPU = Debug|Any CPU
		Release|Any CPU = Release|Any CPU
	EndGlobalSection
	GlobalSection(ProjectConfigurationPlatforms) = postSolution
		{F0E6D2B8-E48F-4F10-810C-AC5700886841}.Debug|Any CPU.ActiveCfg = Debug|Any CPU
		{F0E6D2B8-E48F-4F10-810C-AC5700886841}.Debug|Any CPU.Build.0 = Debug|Any CPU
		{F0E6D2B8-E48F-4F10-810C-AC5700886841}.Release|Any CPU.ActiveCfg = Release|Any CPU
		{F0E6D2B8-E48F-4F10-810C-AC5700886841}.Release|Any CPU.Build.0 = Release|Any CPU
	EndGlobalSection
	GlobalSection(SolutionProperties) = preSolution
		HideSolutionNode = FALSE
	EndGlobalSection
	GlobalSection(ExtensibilityGlobals) = postSolution
		SolutionGuid = {7B5E8505-0DF9-43D1-AA6D-71EE8D66F91B}
	EndGlobalSection
EndGlobal
