
Microsoft Visual Studio Solution File, Format Version 12.00
# Visual Studio Version 17
VisualStudioVersion = 17.5.002.0
MinimumVisualStudioVersion = 10.0.40219.1
Project("{9A19103F-16F7-4668-BE54-9A1E7A4F7556}") = "ve_hinh", "ve_hinh.csproj", "{C5B9C6D0-503C-4F96-9D13-5D251A0012A9}"
EndProject
Global
	GlobalSection(SolutionConfigurationPlatforms) = preSolution
		Debug|Any CPU = Debug|Any CPU
		Release|Any CPU = Release|Any CPU
	EndGlobalSection
	GlobalSection(ProjectConfigurationPlatforms) = postSolution
		{C5B9C6D0-503C-4F96-9D13-5D251A0012A9}.Debug|Any CPU.ActiveCfg = Debug|Any CPU
		{C5B9C6D0-503C-4F96-9D13-5D251A0012A9}.Debug|Any CPU.Build.0 = Debug|Any CPU
		{C5B9C6D0-503C-4F96-9D13-5D251A0012A9}.Release|Any CPU.ActiveCfg = Release|Any CPU
		{C5B9C6D0-503C-4F96-9D13-5D251A0012A9}.Release|Any CPU.Build.0 = Release|Any CPU
	EndGlobalSection
	GlobalSection(SolutionProperties) = preSolution
		HideSolutionNode = FALSE
	EndGlobalSection
	GlobalSection(ExtensibilityGlobals) = postSolution
		SolutionGuid = {C0CFBCD2-DEBF-417E-8ABC-CFE78EC6A205}
	EndGlobalSection
EndGlobal
